
Microsoft Visual Studio Solution File, Format Version 12.00
# Visual Studio Version 17
VisualStudioVersion = 17.14.36705.20 d17.14
MinimumVisualStudioVersion = 10.0.40219.1
Project("{FAE04EC0-301F-11D3-BF4B-00C04F79EFBC}") = "FinGrid", "FinGrid\FinGrid.csproj", "{7EA07CE0-087A-40D7-84C8-179A2678E6B5}"
EndProject
Global
	GlobalSection(SolutionConfigurationPlatforms) = preSolution
		Debug|Any CPU = Debug|Any CPU
		Release|Any CPU = Release|Any CPU
	EndGlobalSection
	GlobalSection(ProjectConfigurationPlatforms) = postSolution
		{7EA07CE0-087A-40D7-84C8-179A2678E6B5}.Debug|Any CPU.ActiveCfg = Debug|Any CPU
		{7EA07CE0-087A-40D7-84C8-179A2678E6B5}.Debug|Any CPU.Build.0 = Debug|Any CPU
		{7EA07CE0-087A-40D7-84C8-179A2678E6B5}.Release|Any CPU.ActiveCfg = Release|Any CPU
		{7EA07CE0-087A-40D7-84C8-179A2678E6B5}.Release|Any CPU.Build.0 = Release|Any CPU
	EndGlobalSection
	GlobalSection(SolutionProperties) = preSolution
		HideSolutionNode = FALSE
	EndGlobalSection
	GlobalSection(ExtensibilityGlobals) = postSolution
		SolutionGuid = {95AD0B17-0D01-49D7-BBD4-007E97634B19}
	EndGlobalSection
EndGlobal
